
Microsoft Visual Studio Solution File, Format Version 12.00
# Visual Studio 15
VisualStudioVersion = 15.0.26430.13
MinimumVisualStudioVersion = 10.0.40219.1
Project("{FAE04EC0-301F-11D3-BF4B-00C04F79EFBC}") = "Samples", "Samples\Samples.csproj", "{E7A56C48-8E36-465B-9F8E-67BC8525CFE5}"
EndProject
Project("{FAE04EC0-301F-11D3-BF4B-00C04F79EFBC}") = "HomeExercises", "HomeExercises\HomeExercises.csproj", "{4F9FBCCA-43E0-431B-944D-834D16AD18F9}"
EndProject
Project("{FAE04EC0-301F-11D3-BF4B-00C04F79EFBC}") = "Challenge", "Challenge\Challenge.csproj", "{BB8C2EFB-6AE9-45BD-8468-829D5AB79DCB}"
EndProject
Project("{FAE04EC0-301F-11D3-BF4B-00C04F79EFBC}") = "HomeWorkTests", "HomeWorkTests\HomeWorkTests.csproj", "{1813E583-E2AE-48B9-8639-1CD46BA9E511}"
EndProject
Global
	GlobalSection(SolutionConfigurationPlatforms) = preSolution
		Debug|Any CPU = Debug|Any CPU
		Release|Any CPU = Release|Any CPU
	EndGlobalSection
	GlobalSection(ProjectConfigurationPlatforms) = postSolution
		{E7A56C48-8E36-465B-9F8E-67BC8525CFE5}.Debug|Any CPU.ActiveCfg = Debug|Any CPU
		{E7A56C48-8E36-465B-9F8E-67BC8525CFE5}.Debug|Any CPU.Build.0 = Debug|Any CPU
		{E7A56C48-8E36-465B-9F8E-67BC8525CFE5}.Release|Any CPU.ActiveCfg = Release|Any CPU
		{E7A56C48-8E36-465B-9F8E-67BC8525CFE5}.Release|Any CPU.Build.0 = Release|Any CPU
		{4F9FBCCA-43E0-431B-944D-834D16AD18F9}.Debug|Any CPU.ActiveCfg = Debug|Any CPU
		{4F9FBCCA-43E0-431B-944D-834D16AD18F9}.Debug|Any CPU.Build.0 = Debug|Any CPU
		{4F9FBCCA-43E0-431B-944D-834D16AD18F9}.Release|Any CPU.ActiveCfg = Release|Any CPU
		{4F9FBCCA-43E0-431B-944D-834D16AD18F9}.Release|Any CPU.Build.0 = Release|Any CPU
		{BB8C2EFB-6AE9-45BD-8468-829D5AB79DCB}.Debug|Any CPU.ActiveCfg = Debug|Any CPU
		{BB8C2EFB-6AE9-45BD-8468-829D5AB79DCB}.Debug|Any CPU.Build.0 = Debug|Any CPU
		{BB8C2EFB-6AE9-45BD-8468-829D5AB79DCB}.Release|Any CPU.ActiveCfg = Release|Any CPU
		{BB8C2EFB-6AE9-45BD-8468-829D5AB79DCB}.Release|Any CPU.Build.0 = Release|Any CPU
		{1813E583-E2AE-48B9-8639-1CD46BA9E511}.Debug|Any CPU.ActiveCfg = Debug|Any CPU
		{1813E583-E2AE-48B9-8639-1CD46BA9E511}.Debug|Any CPU.Build.0 = Debug|Any CPU
		{1813E583-E2AE-48B9-8639-1CD46BA9E511}.Release|Any CPU.ActiveCfg = Release|Any CPU
		{1813E583-E2AE-48B9-8639-1CD46BA9E511}.Release|Any CPU.Build.0 = Release|Any CPU
	EndGlobalSection
	GlobalSection(SolutionProperties) = preSolution
		HideSolutionNode = FALSE
	EndGlobalSection
EndGlobal
